
Microsoft Visual Studio Solution File, Format Version 12.00
# Visual Studio Version 17
VisualStudioVersion = 17.3.32825.248
MinimumVisualStudioVersion = 10.0.40219.1
Project("{FAE04EC0-301F-11D3-BF4B-00C04F79EFBC}") = "Domain", "Domain\Domain.csproj", "{290CB9EB-A670-4F96-94DB-9F9B68FAE90C}"
EndProject
Project("{FAE04EC0-301F-11D3-BF4B-00C04F79EFBC}") = "Application", "Application\Application.csproj", "{D862E53C-F7EA-4543-AD9B-A375408C4A6C}"
EndProject
Project("{FAE04EC0-301F-11D3-BF4B-00C04F79EFBC}") = "Infrastructure", "Infrastructure\Infrastructure.csproj", "{621F4DA8-059D-4B4E-82ED-D9AC50063EBE}"
EndProject
Project("{FAE04EC0-301F-11D3-BF4B-00C04F79EFBC}") = "Persistance", "Persistance\Persistance.csproj", "{AE478C2E-319A-4E88-B1C9-D125AF24976F}"
EndProject
Project("{FAE04EC0-301F-11D3-BF4B-00C04F79EFBC}") = "WebAPI", "WebAPI\WebAPI.csproj", "{75E48406-BB11-483A-80DA-4D755E079F6A}"
EndProject
Project("{9A19103F-16F7-4668-BE54-9A1E7A4F7556}") = "Core.Security", "..\corePackages\Core.Security\Core.Security.csproj", "{4B77A62C-3DAC-41AA-ACFD-B3778CA69A98}"
EndProject
Project("{2150E333-8FDC-42A3-9474-1A3956D46DE8}") = "corePackages", "corePackages", "{D14FE122-0680-4C6E-96F7-B3225F0BCE06}"
EndProject
Project("{9A19103F-16F7-4668-BE54-9A1E7A4F7556}") = "Core.Persistence", "..\corePackages\Core.Persistence\Core.Persistence.csproj", "{ECD0DE07-8846-4923-91DB-1F410285CB7A}"
EndProject
Project("{9A19103F-16F7-4668-BE54-9A1E7A4F7556}") = "Core.Mailing", "..\corePackages\Core.Mailing\Core.Mailing.csproj", "{9B3163D7-07E2-4489-9058-C4915354DC2C}"
EndProject
Project("{9A19103F-16F7-4668-BE54-9A1E7A4F7556}") = "Core.ElasticSearch", "..\corePackages\Core.ElasticSearch\Core.ElasticSearch.csproj", "{64308C34-BDE0-4C1B-83AA-34FE934A0EF9}"
EndProject
Project("{9A19103F-16F7-4668-BE54-9A1E7A4F7556}") = "Core.CrossCuttingConcerns", "..\corePackages\Core.CrossCuttingConcers\Core.CrossCuttingConcerns.csproj", "{08A17471-25B0-4C8B-82E7-34A75B83173C}"
EndProject
Project("{9A19103F-16F7-4668-BE54-9A1E7A4F7556}") = "Core.Application", "..\corePackages\Core.Application\Core.Application.csproj", "{CC24DF46-9456-41DF-AAAF-3EF6A298F5C8}"
EndProject
Project("{2150E333-8FDC-42A3-9474-1A3956D46DE8}") = "e-commerce", "e-commerce", "{AE29A7A4-EB1A-4A7F-B5B6-B658958213F7}"
EndProject
Global
	GlobalSection(SolutionConfigurationPlatforms) = preSolution
		Debug|Any CPU = Debug|Any CPU
		Release|Any CPU = Release|Any CPU
	EndGlobalSection
	GlobalSection(ProjectConfigurationPlatforms) = postSolution
		{290CB9EB-A670-4F96-94DB-9F9B68FAE90C}.Debug|Any CPU.ActiveCfg = Debug|Any CPU
		{290CB9EB-A670-4F96-94DB-9F9B68FAE90C}.Debug|Any CPU.Build.0 = Debug|Any CPU
		{290CB9EB-A670-4F96-94DB-9F9B68FAE90C}.Release|Any CPU.ActiveCfg = Release|Any CPU
		{290CB9EB-A670-4F96-94DB-9F9B68FAE90C}.Release|Any CPU.Build.0 = Release|Any CPU
		{D862E53C-F7EA-4543-AD9B-A375408C4A6C}.Debug|Any CPU.ActiveCfg = Debug|Any CPU
		{D862E53C-F7EA-4543-AD9B-A375408C4A6C}.Debug|Any CPU.Build.0 = Debug|Any CPU
		{D862E53C-F7EA-4543-AD9B-A375408C4A6C}.Release|Any CPU.ActiveCfg = Release|Any CPU
		{D862E53C-F7EA-4543-AD9B-A375408C4A6C}.Release|Any CPU.Build.0 = Release|Any CPU
		{621F4DA8-059D-4B4E-82ED-D9AC50063EBE}.Debug|Any CPU.ActiveCfg = Debug|Any CPU
		{621F4DA8-059D-4B4E-82ED-D9AC50063EBE}.Debug|Any CPU.Build.0 = Debug|Any CPU
		{621F4DA8-059D-4B4E-82ED-D9AC50063EBE}.Release|Any CPU.ActiveCfg = Release|Any CPU
		{621F4DA8-059D-4B4E-82ED-D9AC50063EBE}.Release|Any CPU.Build.0 = Release|Any CPU
		{AE478C2E-319A-4E88-B1C9-D125AF24976F}.Debug|Any CPU.ActiveCfg = Debug|Any CPU
		{AE478C2E-319A-4E88-B1C9-D125AF24976F}.Debug|Any CPU.Build.0 = Debug|Any CPU
		{AE478C2E-319A-4E88-B1C9-D125AF24976F}.Release|Any CPU.ActiveCfg = Release|Any CPU
		{AE478C2E-319A-4E88-B1C9-D125AF24976F}.Release|Any CPU.Build.0 = Release|Any CPU
		{75E48406-BB11-483A-80DA-4D755E079F6A}.Debug|Any CPU.ActiveCfg = Debug|Any CPU
		{75E48406-BB11-483A-80DA-4D755E079F6A}.Debug|Any CPU.Build.0 = Debug|Any CPU
		{75E48406-BB11-483A-80DA-4D755E079F6A}.Release|Any CPU.ActiveCfg = Release|Any CPU
		{75E48406-BB11-483A-80DA-4D755E079F6A}.Release|Any CPU.Build.0 = Release|Any CPU
		{4B77A62C-3DAC-41AA-ACFD-B3778CA69A98}.Debug|Any CPU.ActiveCfg = Debug|Any CPU
		{4B77A62C-3DAC-41AA-ACFD-B3778CA69A98}.Debug|Any CPU.Build.0 = Debug|Any CPU
		{4B77A62C-3DAC-41AA-ACFD-B3778CA69A98}.Release|Any CPU.ActiveCfg = Release|Any CPU
		{4B77A62C-3DAC-41AA-ACFD-B3778CA69A98}.Release|Any CPU.Build.0 = Release|Any CPU
		{ECD0DE07-8846-4923-91DB-1F410285CB7A}.Debug|Any CPU.ActiveCfg = Debug|Any CPU
		{ECD0DE07-8846-4923-91DB-1F410285CB7A}.Debug|Any CPU.Build.0 = Debug|Any CPU
		{ECD0DE07-8846-4923-91DB-1F410285CB7A}.Release|Any CPU.ActiveCfg = Release|Any CPU
		{ECD0DE07-8846-4923-91DB-1F410285CB7A}.Release|Any CPU.Build.0 = Release|Any CPU
		{9B3163D7-07E2-4489-9058-C4915354DC2C}.Debug|Any CPU.ActiveCfg = Debug|Any CPU
		{9B3163D7-07E2-4489-9058-C4915354DC2C}.Debug|Any CPU.Build.0 = Debug|Any CPU
		{9B3163D7-07E2-4489-9058-C4915354DC2C}.Release|Any CPU.ActiveCfg = Release|Any CPU
		{9B3163D7-07E2-4489-9058-C4915354DC2C}.Release|Any CPU.Build.0 = Release|Any CPU
		{64308C34-BDE0-4C1B-83AA-34FE934A0EF9}.Debug|Any CPU.ActiveCfg = Debug|Any CPU
		{64308C34-BDE0-4C1B-83AA-34FE934A0EF9}.Debug|Any CPU.Build.0 = Debug|Any CPU
		{64308C34-BDE0-4C1B-83AA-34FE934A0EF9}.Release|Any CPU.ActiveCfg = Release|Any CPU
		{64308C34-BDE0-4C1B-83AA-34FE934A0EF9}.Release|Any CPU.Build.0 = Release|Any CPU
		{08A17471-25B0-4C8B-82E7-34A75B83173C}.Debug|Any CPU.ActiveCfg = Debug|Any CPU
		{08A17471-25B0-4C8B-82E7-34A75B83173C}.Debug|Any CPU.Build.0 = Debug|Any CPU
		{08A17471-25B0-4C8B-82E7-34A75B83173C}.Release|Any CPU.ActiveCfg = Release|Any CPU
		{08A17471-25B0-4C8B-82E7-34A75B83173C}.Release|Any CPU.Build.0 = Release|Any CPU
		{CC24DF46-9456-41DF-AAAF-3EF6A298F5C8}.Debug|Any CPU.ActiveCfg = Debug|Any CPU
		{CC24DF46-9456-41DF-AAAF-3EF6A298F5C8}.Debug|Any CPU.Build.0 = Debug|Any CPU
		{CC24DF46-9456-41DF-AAAF-3EF6A298F5C8}.Release|Any CPU.ActiveCfg = Release|Any CPU
		{CC24DF46-9456-41DF-AAAF-3EF6A298F5C8}.Release|Any CPU.Build.0 = Release|Any CPU
	EndGlobalSection
	GlobalSection(SolutionProperties) = preSolution
		HideSolutionNode = FALSE
	EndGlobalSection
	GlobalSection(NestedProjects) = preSolution
		{290CB9EB-A670-4F96-94DB-9F9B68FAE90C} = {AE29A7A4-EB1A-4A7F-B5B6-B658958213F7}
		{D862E53C-F7EA-4543-AD9B-A375408C4A6C} = {AE29A7A4-EB1A-4A7F-B5B6-B658958213F7}
		{621F4DA8-059D-4B4E-82ED-D9AC50063EBE} = {AE29A7A4-EB1A-4A7F-B5B6-B658958213F7}
		{AE478C2E-319A-4E88-B1C9-D125AF24976F} = {AE29A7A4-EB1A-4A7F-B5B6-B658958213F7}
		{75E48406-BB11-483A-80DA-4D755E079F6A} = {AE29A7A4-EB1A-4A7F-B5B6-B658958213F7}
		{4B77A62C-3DAC-41AA-ACFD-B3778CA69A98} = {D14FE122-0680-4C6E-96F7-B3225F0BCE06}
		{ECD0DE07-8846-4923-91DB-1F410285CB7A} = {D14FE122-0680-4C6E-96F7-B3225F0BCE06}
		{9B3163D7-07E2-4489-9058-C4915354DC2C} = {D14FE122-0680-4C6E-96F7-B3225F0BCE06}
		{64308C34-BDE0-4C1B-83AA-34FE934A0EF9} = {D14FE122-0680-4C6E-96F7-B3225F0BCE06}
		{08A17471-25B0-4C8B-82E7-34A75B83173C} = {D14FE122-0680-4C6E-96F7-B3225F0BCE06}
		{CC24DF46-9456-41DF-AAAF-3EF6A298F5C8} = {D14FE122-0680-4C6E-96F7-B3225F0BCE06}
	EndGlobalSection
	GlobalSection(ExtensibilityGlobals) = postSolution
		SolutionGuid = {C6BA242A-4003-4BCF-86D8-59A19D32E5C6}
	EndGlobalSection
EndGlobal
